{
  "name": "dialog",
  "version": "1.0.0",
  "lockfileVersion": 1,
  "requires": true,
  "dependencies": {
    "weui-miniprogram": {
      "version": "1.0.5",
      "resolved": "https://registry.npmjs.org/weui-miniprogram/-/weui-miniprogram-1.0.5.tgz",
      "integrity": "sha512-w0dNYwZwt1lmeAsH/5xP/RNxBgXDNfiZ5bsvh2MPamNhwGmj1eRU5l3ojV7Ev0mYjCWxjmNvzcv4mfI0U2R5Tg=="
    }
  }
}
